
Microsoft Visual Studio Solution File, Format Version 12.00
# Visual Studio Version 16
VisualStudioVersion = 16.0.30011.22
MinimumVisualStudioVersion = 10.0.40219.1
Project("{FAE04EC0-301F-11D3-BF4B-00C04F79EFBC}") = "Tas-Kagit-Makas", "Tas-Kagit-Makas\Tas-Kagit-Makas.csproj", "{03465388-9C38-4FFD-AFB8-2A08021B2AC6}"
EndProject
Global
	GlobalSection(SolutionConfigurationPlatforms) = preSolution
		Debug|Any CPU = Debug|Any CPU
		Release|Any CPU = Release|Any CPU
	EndGlobalSection
	GlobalSection(ProjectConfigurationPlatforms) = postSolution
		{03465388-9C38-4FFD-AFB8-2A08021B2AC6}.Debug|Any CPU.ActiveCfg = Debug|Any CPU
		{03465388-9C38-4FFD-AFB8-2A08021B2AC6}.Debug|Any CPU.Build.0 = Debug|Any CPU
		{03465388-9C38-4FFD-AFB8-2A08021B2AC6}.Release|Any CPU.ActiveCfg = Release|Any CPU
		{03465388-9C38-4FFD-AFB8-2A08021B2AC6}.Release|Any CPU.Build.0 = Release|Any CPU
	EndGlobalSection
	GlobalSection(SolutionProperties) = preSolution
		HideSolutionNode = FALSE
	EndGlobalSection
	GlobalSection(ExtensibilityGlobals) = postSolution
		SolutionGuid = {95E9C745-B046-435A-92AD-BA881D9B6F77}
	EndGlobalSection
EndGlobal
